
Microsoft Visual Studio Solution File, Format Version 12.00
# Visual Studio Version 17
VisualStudioVersion = 17.0.31903.59
MinimumVisualStudioVersion = 10.0.40219.1
Project("{2150E333-8FDC-42A3-9474-1A3956D46DE8}") = "src", "src", "{827E0CD3-B72D-47B6-A68D-7590B98EB39B}"
EndProject
Project("{FAE04EC0-301F-11D3-BF4B-00C04F79EFBC}") = "DeclarationEmployer.Api", "src\DeclarationEmployer.Api\DeclarationEmployer.Api.csproj", "{B1580CC5-C815-4796-B4A1-EBF4D0BA737E}"
EndProject
Project("{FAE04EC0-301F-11D3-BF4B-00C04F79EFBC}") = "DeclarationEmployer.Domain", "src\DeclarationEmployer.Domain\DeclarationEmployer.Domain.csproj", "{52C9ACC5-F86D-4132-AF83-B0817CFB209E}"
EndProject
Project("{FAE04EC0-301F-11D3-BF4B-00C04F79EFBC}") = "DeclarationEmployer.Contracts", "src\DeclarationEmployer.Contracts\DeclarationEmployer.Contracts.csproj", "{CC67B00F-1BF8-456A-8AE0-B9BA245395B7}"
EndProject
Project("{FAE04EC0-301F-11D3-BF4B-00C04F79EFBC}") = "DeclarationEmployer.Application", "src\DeclarationEmployer.Application\DeclarationEmployer.Application.csproj", "{DDAB9EB0-8A0F-4D13-BF57-A0D9E5143599}"
EndProject
Project("{FAE04EC0-301F-11D3-BF4B-00C04F79EFBC}") = "DeclarationEmployer.Infrastructure", "src\DeclarationEmployer.Infrastructure\DeclarationEmployer.Infrastructure.csproj", "{43492CC8-C155-49AB-9A44-EEBE3BCA10C4}"
EndProject
Project("{FAE04EC0-301F-11D3-BF4B-00C04F79EFBC}") = "DeclarationEmployer.FiscalEngine", "src\DeclarationEmployer.FiscalEngine\DeclarationEmployer.FiscalEngine.csproj", "{10B42908-4811-4619-B52F-392046DA4734}"
EndProject
Project("{FAE04EC0-301F-11D3-BF4B-00C04F79EFBC}") = "DeclarationEmployer.Import", "src\DeclarationEmployer.Import\DeclarationEmployer.Import.csproj", "{AFA477EE-C609-441C-923A-E457F63EF26D}"
EndProject
Project("{FAE04EC0-301F-11D3-BF4B-00C04F79EFBC}") = "DeclarationEmployer.Reports", "src\DeclarationEmployer.Reports\DeclarationEmployer.Reports.csproj", "{2657EE4D-B6C3-4358-8CE2-6B9D460E1639}"
EndProject
Project("{FAE04EC0-301F-11D3-BF4B-00C04F79EFBC}") = "DeclarationEmployer.Desktop", "src\DeclarationEmployer.Desktop\DeclarationEmployer.Desktop.csproj", "{8BF9A625-C8C8-44E4-9FAB-8BA67F50F4C6}"
EndProject
Project("{2150E333-8FDC-42A3-9474-1A3956D46DE8}") = "tests", "tests", "{0AB3BF05-4346-4AA6-1389-037BE0695223}"
EndProject
Project("{FAE04EC0-301F-11D3-BF4B-00C04F79EFBC}") = "DeclarationEmployer.Tests", "tests\DeclarationEmployer.Tests\DeclarationEmployer.Tests.csproj", "{7FEAD39E-E70D-4FFE-9A7B-B2A19AD0AE18}"
EndProject
Global
	GlobalSection(SolutionConfigurationPlatforms) = preSolution
		Debug|Any CPU = Debug|Any CPU
		Debug|x64 = Debug|x64
		Debug|x86 = Debug|x86
		Release|Any CPU = Release|Any CPU
		Release|x64 = Release|x64
		Release|x86 = Release|x86
	EndGlobalSection
	GlobalSection(ProjectConfigurationPlatforms) = postSolution
		{B1580CC5-C815-4796-B4A1-EBF4D0BA737E}.Debug|Any CPU.ActiveCfg = Debug|Any CPU
		{B1580CC5-C815-4796-B4A1-EBF4D0BA737E}.Debug|Any CPU.Build.0 = Debug|Any CPU
		{B1580CC5-C815-4796-B4A1-EBF4D0BA737E}.Debug|x64.ActiveCfg = Debug|Any CPU
		{B1580CC5-C815-4796-B4A1-EBF4D0BA737E}.Debug|x64.Build.0 = Debug|Any CPU
		{B1580CC5-C815-4796-B4A1-EBF4D0BA737E}.Debug|x86.ActiveCfg = Debug|Any CPU
		{B1580CC5-C815-4796-B4A1-EBF4D0BA737E}.Debug|x86.Build.0 = Debug|Any CPU
		{B1580CC5-C815-4796-B4A1-EBF4D0BA737E}.Release|Any CPU.ActiveCfg = Release|Any CPU
		{B1580CC5-C815-4796-B4A1-EBF4D0BA737E}.Release|Any CPU.Build.0 = Release|Any CPU
		{B1580CC5-C815-4796-B4A1-EBF4D0BA737E}.Release|x64.ActiveCfg = Release|Any CPU
		{B1580CC5-C815-4796-B4A1-EBF4D0BA737E}.Release|x64.Build.0 = Release|Any CPU
		{B1580CC5-C815-4796-B4A1-EBF4D0BA737E}.Release|x86.ActiveCfg = Release|Any CPU
		{B1580CC5-C815-4796-B4A1-EBF4D0BA737E}.Release|x86.Build.0 = Release|Any CPU
		{52C9ACC5-F86D-4132-AF83-B0817CFB209E}.Debug|Any CPU.ActiveCfg = Debug|Any CPU
		{52C9ACC5-F86D-4132-AF83-B0817CFB209E}.Debug|Any CPU.Build.0 = Debug|Any CPU
		{52C9ACC5-F86D-4132-AF83-B0817CFB209E}.Debug|x64.ActiveCfg = Debug|Any CPU
		{52C9ACC5-F86D-4132-AF83-B0817CFB209E}.Debug|x64.Build.0 = Debug|Any CPU
		{52C9ACC5-F86D-4132-AF83-B0817CFB209E}.Debug|x86.ActiveCfg = Debug|Any CPU
		{52C9ACC5-F86D-4132-AF83-B0817CFB209E}.Debug|x86.Build.0 = Debug|Any CPU
		{52C9ACC5-F86D-4132-AF83-B0817CFB209E}.Release|Any CPU.ActiveCfg = Release|Any CPU
		{52C9ACC5-F86D-4132-AF83-B0817CFB209E}.Release|Any CPU.Build.0 = Release|Any CPU
		{52C9ACC5-F86D-4132-AF83-B0817CFB209E}.Release|x64.ActiveCfg = Release|Any CPU
		{52C9ACC5-F86D-4132-AF83-B0817CFB209E}.Release|x64.Build.0 = Release|Any CPU
		{52C9ACC5-F86D-4132-AF83-B0817CFB209E}.Release|x86.ActiveCfg = Release|Any CPU
		{52C9ACC5-F86D-4132-AF83-B0817CFB209E}.Release|x86.Build.0 = Release|Any CPU
		{CC67B00F-1BF8-456A-8AE0-B9BA245395B7}.Debug|Any CPU.ActiveCfg = Debug|Any CPU
		{CC67B00F-1BF8-456A-8AE0-B9BA245395B7}.Debug|Any CPU.Build.0 = Debug|Any CPU
		{CC67B00F-1BF8-456A-8AE0-B9BA245395B7}.Debug|x64.ActiveCfg = Debug|Any CPU
		{CC67B00F-1BF8-456A-8AE0-B9BA245395B7}.Debug|x64.Build.0 = Debug|Any CPU
		{CC67B00F-1BF8-456A-8AE0-B9BA245395B7}.Debug|x86.ActiveCfg = Debug|Any CPU
		{CC67B00F-1BF8-456A-8AE0-B9BA245395B7}.Debug|x86.Build.0 = Debug|Any CPU
		{CC67B00F-1BF8-456A-8AE0-B9BA245395B7}.Release|Any CPU.ActiveCfg = Release|Any CPU
		{CC67B00F-1BF8-456A-8AE0-B9BA245395B7}.Release|Any CPU.Build.0 = Release|Any CPU
		{CC67B00F-1BF8-456A-8AE0-B9BA245395B7}.Release|x64.ActiveCfg = Release|Any CPU
		{CC67B00F-1BF8-456A-8AE0-B9BA245395B7}.Release|x64.Build.0 = Release|Any CPU
		{CC67B00F-1BF8-456A-8AE0-B9BA245395B7}.Release|x86.ActiveCfg = Release|Any CPU
		{CC67B00F-1BF8-456A-8AE0-B9BA245395B7}.Release|x86.Build.0 = Release|Any CPU
		{DDAB9EB0-8A0F-4D13-BF57-A0D9E5143599}.Debug|Any CPU.ActiveCfg = Debug|Any CPU
		{DDAB9EB0-8A0F-4D13-BF57-A0D9E5143599}.Debug|Any CPU.Build.0 = Debug|Any CPU
		{DDAB9EB0-8A0F-4D13-BF57-A0D9E5143599}.Debug|x64.ActiveCfg = Debug|Any CPU
		{DDAB9EB0-8A0F-4D13-BF57-A0D9E5143599}.Debug|x64.Build.0 = Debug|Any CPU
		{DDAB9EB0-8A0F-4D13-BF57-A0D9E5143599}.Debug|x86.ActiveCfg = Debug|Any CPU
		{DDAB9EB0-8A0F-4D13-BF57-A0D9E5143599}.Debug|x86.Build.0 = Debug|Any CPU
		{DDAB9EB0-8A0F-4D13-BF57-A0D9E5143599}.Release|Any CPU.ActiveCfg = Release|Any CPU
		{DDAB9EB0-8A0F-4D13-BF57-A0D9E5143599}.Release|Any CPU.Build.0 = Release|Any CPU
		{DDAB9EB0-8A0F-4D13-BF57-A0D9E5143599}.Release|x64.ActiveCfg = Release|Any CPU
		{DDAB9EB0-8A0F-4D13-BF57-A0D9E5143599}.Release|x64.Build.0 = Release|Any CPU
		{DDAB9EB0-8A0F-4D13-BF57-A0D9E5143599}.Release|x86.ActiveCfg = Release|Any CPU
		{DDAB9EB0-8A0F-4D13-BF57-A0D9E5143599}.Release|x86.Build.0 = Release|Any CPU
		{43492CC8-C155-49AB-9A44-EEBE3BCA10C4}.Debug|Any CPU.ActiveCfg = Debug|Any CPU
		{43492CC8-C155-49AB-9A44-EEBE3BCA10C4}.Debug|Any CPU.Build.0 = Debug|Any CPU
		{43492CC8-C155-49AB-9A44-EEBE3BCA10C4}.Debug|x64.ActiveCfg = Debug|Any CPU
		{43492CC8-C155-49AB-9A44-EEBE3BCA10C4}.Debug|x64.Build.0 = Debug|Any CPU
		{43492CC8-C155-49AB-9A44-EEBE3BCA10C4}.Debug|x86.ActiveCfg = Debug|Any CPU
		{43492CC8-C155-49AB-9A44-EEBE3BCA10C4}.Debug|x86.Build.0 = Debug|Any CPU
		{43492CC8-C155-49AB-9A44-EEBE3BCA10C4}.Release|Any CPU.ActiveCfg = Release|Any CPU
		{43492CC8-C155-49AB-9A44-EEBE3BCA10C4}.Release|Any CPU.Build.0 = Release|Any CPU
		{43492CC8-C155-49AB-9A44-EEBE3BCA10C4}.Release|x64.ActiveCfg = Release|Any CPU
		{43492CC8-C155-49AB-9A44-EEBE3BCA10C4}.Release|x64.Build.0 = Release|Any CPU
		{43492CC8-C155-49AB-9A44-EEBE3BCA10C4}.Release|x86.ActiveCfg = Release|Any CPU
		{43492CC8-C155-49AB-9A44-EEBE3BCA10C4}.Release|x86.Build.0 = Release|Any CPU
		{10B42908-4811-4619-B52F-392046DA4734}.Debug|Any CPU.ActiveCfg = Debug|Any CPU
		{10B42908-4811-4619-B52F-392046DA4734}.Debug|Any CPU.Build.0 = Debug|Any CPU
		{10B42908-4811-4619-B52F-392046DA4734}.Debug|x64.ActiveCfg = Debug|Any CPU
		{10B42908-4811-4619-B52F-392046DA4734}.Debug|x64.Build.0 = Debug|Any CPU
		{10B42908-4811-4619-B52F-392046DA4734}.Debug|x86.ActiveCfg = Debug|Any CPU
		{10B42908-4811-4619-B52F-392046DA4734}.Debug|x86.Build.0 = Debug|Any CPU
		{10B42908-4811-4619-B52F-392046DA4734}.Release|Any CPU.ActiveCfg = Release|Any CPU
		{10B42908-4811-4619-B52F-392046DA4734}.Release|Any CPU.Build.0 = Release|Any CPU
		{10B42908-4811-4619-B52F-392046DA4734}.Release|x64.ActiveCfg = Release|Any CPU
		{10B42908-4811-4619-B52F-392046DA4734}.Release|x64.Build.0 = Release|Any CPU
		{10B42908-4811-4619-B52F-392046DA4734}.Release|x86.ActiveCfg = Release|Any CPU
		{10B42908-4811-4619-B52F-392046DA4734}.Release|x86.Build.0 = Release|Any CPU
		{AFA477EE-C609-441C-923A-E457F63EF26D}.Debug|Any CPU.ActiveCfg = Debug|Any CPU
		{AFA477EE-C609-441C-923A-E457F63EF26D}.Debug|Any CPU.Build.0 = Debug|Any CPU
		{AFA477EE-C609-441C-923A-E457F63EF26D}.Debug|x64.ActiveCfg = Debug|Any CPU
		{AFA477EE-C609-441C-923A-E457F63EF26D}.Debug|x64.Build.0 = Debug|Any CPU
		{AFA477EE-C609-441C-923A-E457F63EF26D}.Debug|x86.ActiveCfg = Debug|Any CPU
		{AFA477EE-C609-441C-923A-E457F63EF26D}.Debug|x86.Build.0 = Debug|Any CPU
		{AFA477EE-C609-441C-923A-E457F63EF26D}.Release|Any CPU.ActiveCfg = Release|Any CPU
		{AFA477EE-C609-441C-923A-E457F63EF26D}.Release|Any CPU.Build.0 = Release|Any CPU
		{AFA477EE-C609-441C-923A-E457F63EF26D}.Release|x64.ActiveCfg = Release|Any CPU
		{AFA477EE-C609-441C-923A-E457F63EF26D}.Release|x64.Build.0 = Release|Any CPU
		{AFA477EE-C609-441C-923A-E457F63EF26D}.Release|x86.ActiveCfg = Release|Any CPU
		{AFA477EE-C609-441C-923A-E457F63EF26D}.Release|x86.Build.0 = Release|Any CPU
		{2657EE4D-B6C3-4358-8CE2-6B9D460E1639}.Debug|Any CPU.ActiveCfg = Debug|Any CPU
		{2657EE4D-B6C3-4358-8CE2-6B9D460E1639}.Debug|Any CPU.Build.0 = Debug|Any CPU
		{2657EE4D-B6C3-4358-8CE2-6B9D460E1639}.Debug|x64.ActiveCfg = Debug|Any CPU
		{2657EE4D-B6C3-4358-8CE2-6B9D460E1639}.Debug|x64.Build.0 = Debug|Any CPU
		{2657EE4D-B6C3-4358-8CE2-6B9D460E1639}.Debug|x86.ActiveCfg = Debug|Any CPU
		{2657EE4D-B6C3-4358-8CE2-6B9D460E1639}.Debug|x86.Build.0 = Debug|Any CPU
		{2657EE4D-B6C3-4358-8CE2-6B9D460E1639}.Release|Any CPU.ActiveCfg = Release|Any CPU
		{2657EE4D-B6C3-4358-8CE2-6B9D460E1639}.Release|Any CPU.Build.0 = Release|Any CPU
		{2657EE4D-B6C3-4358-8CE2-6B9D460E1639}.Release|x64.ActiveCfg = Release|Any CPU
		{2657EE4D-B6C3-4358-8CE2-6B9D460E1639}.Release|x64.Build.0 = Release|Any CPU
		{2657EE4D-B6C3-4358-8CE2-6B9D460E1639}.Release|x86.ActiveCfg = Release|Any CPU
		{2657EE4D-B6C3-4358-8CE2-6B9D460E1639}.Release|x86.Build.0 = Release|Any CPU
		{8BF9A625-C8C8-44E4-9FAB-8BA67F50F4C6}.Debug|Any CPU.ActiveCfg = Debug|Any CPU
		{8BF9A625-C8C8-44E4-9FAB-8BA67F50F4C6}.Debug|Any CPU.Build.0 = Debug|Any CPU
		{8BF9A625-C8C8-44E4-9FAB-8BA67F50F4C6}.Debug|x64.ActiveCfg = Debug|Any CPU
		{8BF9A625-C8C8-44E4-9FAB-8BA67F50F4C6}.Debug|x64.Build.0 = Debug|Any CPU
		{8BF9A625-C8C8-44E4-9FAB-8BA67F50F4C6}.Debug|x86.ActiveCfg = Debug|Any CPU
		{8BF9A625-C8C8-44E4-9FAB-8BA67F50F4C6}.Debug|x86.Build.0 = Debug|Any CPU
		{8BF9A625-C8C8-44E4-9FAB-8BA67F50F4C6}.Release|Any CPU.ActiveCfg = Release|Any CPU
		{8BF9A625-C8C8-44E4-9FAB-8BA67F50F4C6}.Release|Any CPU.Build.0 = Release|Any CPU
		{8BF9A625-C8C8-44E4-9FAB-8BA67F50F4C6}.Release|x64.ActiveCfg = Release|Any CPU
		{8BF9A625-C8C8-44E4-9FAB-8BA67F50F4C6}.Release|x64.Build.0 = Release|Any CPU
		{8BF9A625-C8C8-44E4-9FAB-8BA67F50F4C6}.Release|x86.ActiveCfg = Release|Any CPU
		{8BF9A625-C8C8-44E4-9FAB-8BA67F50F4C6}.Release|x86.Build.0 = Release|Any CPU
		{7FEAD39E-E70D-4FFE-9A7B-B2A19AD0AE18}.Debug|Any CPU.ActiveCfg = Debug|Any CPU
		{7FEAD39E-E70D-4FFE-9A7B-B2A19AD0AE18}.Debug|Any CPU.Build.0 = Debug|Any CPU
		{7FEAD39E-E70D-4FFE-9A7B-B2A19AD0AE18}.Debug|x64.ActiveCfg = Debug|Any CPU
		{7FEAD39E-E70D-4FFE-9A7B-B2A19AD0AE18}.Debug|x64.Build.0 = Debug|Any CPU
		{7FEAD39E-E70D-4FFE-9A7B-B2A19AD0AE18}.Debug|x86.ActiveCfg = Debug|Any CPU
		{7FEAD39E-E70D-4FFE-9A7B-B2A19AD0AE18}.Debug|x86.Build.0 = Debug|Any CPU
		{7FEAD39E-E70D-4FFE-9A7B-B2A19AD0AE18}.Release|Any CPU.ActiveCfg = Release|Any CPU
		{7FEAD39E-E70D-4FFE-9A7B-B2A19AD0AE18}.Release|Any CPU.Build.0 = Release|Any CPU
		{7FEAD39E-E70D-4FFE-9A7B-B2A19AD0AE18}.Release|x64.ActiveCfg = Release|Any CPU
		{7FEAD39E-E70D-4FFE-9A7B-B2A19AD0AE18}.Release|x64.Build.0 = Release|Any CPU
		{7FEAD39E-E70D-4FFE-9A7B-B2A19AD0AE18}.Release|x86.ActiveCfg = Release|Any CPU
		{7FEAD39E-E70D-4FFE-9A7B-B2A19AD0AE18}.Release|x86.Build.0 = Release|Any CPU
	EndGlobalSection
	GlobalSection(SolutionProperties) = preSolution
		HideSolutionNode = FALSE
	EndGlobalSection
	GlobalSection(NestedProjects) = preSolution
		{B1580CC5-C815-4796-B4A1-EBF4D0BA737E} = {827E0CD3-B72D-47B6-A68D-7590B98EB39B}
		{52C9ACC5-F86D-4132-AF83-B0817CFB209E} = {827E0CD3-B72D-47B6-A68D-7590B98EB39B}
		{CC67B00F-1BF8-456A-8AE0-B9BA245395B7} = {827E0CD3-B72D-47B6-A68D-7590B98EB39B}
		{DDAB9EB0-8A0F-4D13-BF57-A0D9E5143599} = {827E0CD3-B72D-47B6-A68D-7590B98EB39B}
		{43492CC8-C155-49AB-9A44-EEBE3BCA10C4} = {827E0CD3-B72D-47B6-A68D-7590B98EB39B}
		{10B42908-4811-4619-B52F-392046DA4734} = {827E0CD3-B72D-47B6-A68D-7590B98EB39B}
		{AFA477EE-C609-441C-923A-E457F63EF26D} = {827E0CD3-B72D-47B6-A68D-7590B98EB39B}
		{2657EE4D-B6C3-4358-8CE2-6B9D460E1639} = {827E0CD3-B72D-47B6-A68D-7590B98EB39B}
		{8BF9A625-C8C8-44E4-9FAB-8BA67F50F4C6} = {827E0CD3-B72D-47B6-A68D-7590B98EB39B}
		{7FEAD39E-E70D-4FFE-9A7B-B2A19AD0AE18} = {0AB3BF05-4346-4AA6-1389-037BE0695223}
	EndGlobalSection
EndGlobal
